
Microsoft Visual Studio Solution File, Format Version 12.00
# Visual Studio Version 17
VisualStudioVersion = 17.4.33027.239
MinimumVisualStudioVersion = 10.0.40219.1
Project("{FAE04EC0-301F-11D3-BF4B-00C04F79EFBC}") = "Presentation", "Presentation\Presentation.csproj", "{1340322B-F125-4455-9239-2BC37A2656B6}"
EndProject
Project("{FAE04EC0-301F-11D3-BF4B-00C04F79EFBC}") = "Application", "Application\Application.csproj", "{6EB024A2-EA78-470B-BF6A-B1BA9B05D1B5}"
EndProject
Global
	GlobalSection(SolutionConfigurationPlatforms) = preSolution
		Debug|Any CPU = Debug|Any CPU
		Release|Any CPU = Release|Any CPU
	EndGlobalSection
	GlobalSection(ProjectConfigurationPlatforms) = postSolution
		{1340322B-F125-4455-9239-2BC37A2656B6}.Debug|Any CPU.ActiveCfg = Debug|Any CPU
		{1340322B-F125-4455-9239-2BC37A2656B6}.Debug|Any CPU.Build.0 = Debug|Any CPU
		{1340322B-F125-4455-9239-2BC37A2656B6}.Release|Any CPU.ActiveCfg = Release|Any CPU
		{1340322B-F125-4455-9239-2BC37A2656B6}.Release|Any CPU.Build.0 = Release|Any CPU
		{6EB024A2-EA78-470B-BF6A-B1BA9B05D1B5}.Debug|Any CPU.ActiveCfg = Debug|Any CPU
		{6EB024A2-EA78-470B-BF6A-B1BA9B05D1B5}.Debug|Any CPU.Build.0 = Debug|Any CPU
		{6EB024A2-EA78-470B-BF6A-B1BA9B05D1B5}.Release|Any CPU.ActiveCfg = Release|Any CPU
		{6EB024A2-EA78-470B-BF6A-B1BA9B05D1B5}.Release|Any CPU.Build.0 = Release|Any CPU
	EndGlobalSection
	GlobalSection(SolutionProperties) = preSolution
		HideSolutionNode = FALSE
	EndGlobalSection
	GlobalSection(ExtensibilityGlobals) = postSolution
		SolutionGuid = {738547E9-1B58-4D53-82D1-E5803CF4FF92}
	EndGlobalSection
EndGlobal
